
Microsoft Visual Studio Solution File, Format Version 12.00
# Visual Studio Version 17
VisualStudioVersion = 17.10.35027.167
MinimumVisualStudioVersion = 10.0.40219.1
Project("{9A19103F-16F7-4668-BE54-9A1E7A4F7556}") = "RazorSilicoPage", "RazorSilicoPage\RazorSilicoPage.csproj", "{374913CC-1278-463B-8B1E-89312ADFD755}"
EndProject
Project("{FAE04EC0-301F-11D3-BF4B-00C04F79EFBC}") = "Razorlibrary", "Razorlibrary\Razorlibrary.csproj", "{0349292B-B4A5-45A4-870C-15F9A0E307A3}"
EndProject
Global
	GlobalSection(SolutionConfigurationPlatforms) = preSolution
		Debug|Any CPU = Debug|Any CPU
		Release|Any CPU = Release|Any CPU
	EndGlobalSection
	GlobalSection(ProjectConfigurationPlatforms) = postSolution
		{374913CC-1278-463B-8B1E-89312ADFD755}.Debug|Any CPU.ActiveCfg = Debug|Any CPU
		{374913CC-1278-463B-8B1E-89312ADFD755}.Debug|Any CPU.Build.0 = Debug|Any CPU
		{374913CC-1278-463B-8B1E-89312ADFD755}.Release|Any CPU.ActiveCfg = Release|Any CPU
		{374913CC-1278-463B-8B1E-89312ADFD755}.Release|Any CPU.Build.0 = Release|Any CPU
		{0349292B-B4A5-45A4-870C-15F9A0E307A3}.Debug|Any CPU.ActiveCfg = Debug|Any CPU
		{0349292B-B4A5-45A4-870C-15F9A0E307A3}.Debug|Any CPU.Build.0 = Debug|Any CPU
		{0349292B-B4A5-45A4-870C-15F9A0E307A3}.Release|Any CPU.ActiveCfg = Release|Any CPU
		{0349292B-B4A5-45A4-870C-15F9A0E307A3}.Release|Any CPU.Build.0 = Release|Any CPU
	EndGlobalSection
	GlobalSection(SolutionProperties) = preSolution
		HideSolutionNode = FALSE
	EndGlobalSection
	GlobalSection(ExtensibilityGlobals) = postSolution
		SolutionGuid = {BE2776F2-5151-4648-A5C0-715B6C0A0A81}
	EndGlobalSection
EndGlobal
